
Microsoft Visual Studio Solution File, Format Version 12.00
# Visual Studio 14
VisualStudioVersion = 14.0.25123.0
MinimumVisualStudioVersion = 10.0.40219.1
Project("{8BC9CEB8-8B4A-11D0-8D11-00A0C91BC942}") = "1-Hello AIE", "1-Hello AIE\1-Hello AIE.vcxproj", "{0B3F2508-0586-45F8-9DA2-24183442F910}"
EndProject
Project("{8BC9CEB8-8B4A-11D0-8D11-00A0C91BC942}") = "2-Variables", "2-Veriables\2-Veriables.vcxproj", "{D1B1D125-9BBE-4010-B10B-95F79D6A7D4B}"
EndProject
Project("{8BC9CEB8-8B4A-11D0-8D11-00A0C91BC942}") = "3-Conditional", "3-Conditional\3-Conditional.vcxproj", "{876DDED8-C1A1-4371-B86E-4FBB445723EF}"
EndProject
Project("{8BC9CEB8-8B4A-11D0-8D11-00A0C91BC942}") = "4- Functions", "4- Functions\4- Functions.vcxproj", "{88F5B438-E6D5-43D4-B253-0E0D9D94F69B}"
EndProject
Project("{8BC9CEB8-8B4A-11D0-8D11-00A0C91BC942}") = "5-Multi-File Projects", "5-Multi-File Projects\5-Multi-File Projects.vcxproj", "{FBB7374E-5920-4BE6-A782-D604C1CB5876}"
EndProject
Project("{8BC9CEB8-8B4A-11D0-8D11-00A0C91BC942}") = "6-Loop", "6-Loop\6-Loop.vcxproj", "{698C59D9-BC57-4CF9-ADAC-C8849A9E016B}"
EndProject
Project("{8BC9CEB8-8B4A-11D0-8D11-00A0C91BC942}") = "7-Arrays", "7-Arrays\7-Arrays.vcxproj", "{ECA865B3-1AB0-4122-8995-0DF64ABA1693}"
EndProject
Project("{8BC9CEB8-8B4A-11D0-8D11-00A0C91BC942}") = "8-Structures", "8-Structures\8-Structures.vcxproj", "{9CF33E79-C057-45EE-AF9A-3BFB8A6DCA94}"
EndProject
Global
	GlobalSection(SolutionConfigurationPlatforms) = preSolution
		Debug|Any CPU = Debug|Any CPU
		Debug|x64 = Debug|x64
		Debug|x86 = Debug|x86
		Release|Any CPU = Release|Any CPU
		Release|x64 = Release|x64
		Release|x86 = Release|x86
	EndGlobalSection
	GlobalSection(ProjectConfigurationPlatforms) = postSolution
		{0B3F2508-0586-45F8-9DA2-24183442F910}.Debug|Any CPU.ActiveCfg = Debug|Win32
		{0B3F2508-0586-45F8-9DA2-24183442F910}.Debug|x64.ActiveCfg = Debug|x64
		{0B3F2508-0586-45F8-9DA2-24183442F910}.Debug|x64.Build.0 = Debug|x64
		{0B3F2508-0586-45F8-9DA2-24183442F910}.Debug|x86.ActiveCfg = Debug|Win32
		{0B3F2508-0586-45F8-9DA2-24183442F910}.Debug|x86.Build.0 = Debug|Win32
		{0B3F2508-0586-45F8-9DA2-24183442F910}.Release|Any CPU.ActiveCfg = Release|Win32
		{0B3F2508-0586-45F8-9DA2-24183442F910}.Release|x64.ActiveCfg = Release|x64
		{0B3F2508-0586-45F8-9DA2-24183442F910}.Release|x64.Build.0 = Release|x64
		{0B3F2508-0586-45F8-9DA2-24183442F910}.Release|x86.ActiveCfg = Release|Win32
		{0B3F2508-0586-45F8-9DA2-24183442F910}.Release|x86.Build.0 = Release|Win32
		{D1B1D125-9BBE-4010-B10B-95F79D6A7D4B}.Debug|Any CPU.ActiveCfg = Debug|Win32
		{D1B1D125-9BBE-4010-B10B-95F79D6A7D4B}.Debug|x64.ActiveCfg = Debug|x64
		{D1B1D125-9BBE-4010-B10B-95F79D6A7D4B}.Debug|x64.Build.0 = Debug|x64
		{D1B1D125-9BBE-4010-B10B-95F79D6A7D4B}.Debug|x86.ActiveCfg = Debug|Win32
		{D1B1D125-9BBE-4010-B10B-95F79D6A7D4B}.Debug|x86.Build.0 = Debug|Win32
		{D1B1D125-9BBE-4010-B10B-95F79D6A7D4B}.Release|Any CPU.ActiveCfg = Release|Win32
		{D1B1D125-9BBE-4010-B10B-95F79D6A7D4B}.Release|x64.ActiveCfg = Release|x64
		{D1B1D125-9BBE-4010-B10B-95F79D6A7D4B}.Release|x64.Build.0 = Release|x64
		{D1B1D125-9BBE-4010-B10B-95F79D6A7D4B}.Release|x86.ActiveCfg = Release|Win32
		{D1B1D125-9BBE-4010-B10B-95F79D6A7D4B}.Release|x86.Build.0 = Release|Win32
		{876DDED8-C1A1-4371-B86E-4FBB445723EF}.Debug|Any CPU.ActiveCfg = Debug|Win32
		{876DDED8-C1A1-4371-B86E-4FBB445723EF}.Debug|x64.ActiveCfg = Debug|x64
		{876DDED8-C1A1-4371-B86E-4FBB445723EF}.Debug|x64.Build.0 = Debug|x64
		{876DDED8-C1A1-4371-B86E-4FBB445723EF}.Debug|x86.ActiveCfg = Debug|Win32
		{876DDED8-C1A1-4371-B86E-4FBB445723EF}.Debug|x86.Build.0 = Debug|Win32
		{876DDED8-C1A1-4371-B86E-4FBB445723EF}.Release|Any CPU.ActiveCfg = Release|Win32
		{876DDED8-C1A1-4371-B86E-4FBB445723EF}.Release|x64.ActiveCfg = Release|x64
		{876DDED8-C1A1-4371-B86E-4FBB445723EF}.Release|x64.Build.0 = Release|x64
		{876DDED8-C1A1-4371-B86E-4FBB445723EF}.Release|x86.ActiveCfg = Release|Win32
		{876DDED8-C1A1-4371-B86E-4FBB445723EF}.Release|x86.Build.0 = Release|Win32
		{88F5B438-E6D5-43D4-B253-0E0D9D94F69B}.Debug|Any CPU.ActiveCfg = Debug|Win32
		{88F5B438-E6D5-43D4-B253-0E0D9D94F69B}.Debug|x64.ActiveCfg = Debug|x64
		{88F5B438-E6D5-43D4-B253-0E0D9D94F69B}.Debug|x64.Build.0 = Debug|x64
		{88F5B438-E6D5-43D4-B253-0E0D9D94F69B}.Debug|x86.ActiveCfg = Debug|Win32
		{88F5B438-E6D5-43D4-B253-0E0D9D94F69B}.Debug|x86.Build.0 = Debug|Win32
		{88F5B438-E6D5-43D4-B253-0E0D9D94F69B}.Release|Any CPU.ActiveCfg = Release|Win32
		{88F5B438-E6D5-43D4-B253-0E0D9D94F69B}.Release|x64.ActiveCfg = Release|x64
		{88F5B438-E6D5-43D4-B253-0E0D9D94F69B}.Release|x64.Build.0 = Release|x64
		{88F5B438-E6D5-43D4-B253-0E0D9D94F69B}.Release|x86.ActiveCfg = Release|Win32
		{88F5B438-E6D5-43D4-B253-0E0D9D94F69B}.Release|x86.Build.0 = Release|Win32
		{FBB7374E-5920-4BE6-A782-D604C1CB5876}.Debug|Any CPU.ActiveCfg = Debug|Win32
		{FBB7374E-5920-4BE6-A782-D604C1CB5876}.Debug|x64.ActiveCfg = Debug|x64
		{FBB7374E-5920-4BE6-A782-D604C1CB5876}.Debug|x64.Build.0 = Debug|x64
		{FBB7374E-5920-4BE6-A782-D604C1CB5876}.Debug|x86.ActiveCfg = Debug|Win32
		{FBB7374E-5920-4BE6-A782-D604C1CB5876}.Debug|x86.Build.0 = Debug|Win32
		{FBB7374E-5920-4BE6-A782-D604C1CB5876}.Release|Any CPU.ActiveCfg = Release|Win32
		{FBB7374E-5920-4BE6-A782-D604C1CB5876}.Release|x64.ActiveCfg = Release|x64
		{FBB7374E-5920-4BE6-A782-D604C1CB5876}.Release|x64.Build.0 = Release|x64
		{FBB7374E-5920-4BE6-A782-D604C1CB5876}.Release|x86.ActiveCfg = Release|Win32
		{FBB7374E-5920-4BE6-A782-D604C1CB5876}.Release|x86.Build.0 = Release|Win32
		{698C59D9-BC57-4CF9-ADAC-C8849A9E016B}.Debug|Any CPU.ActiveCfg = Debug|Win32
		{698C59D9-BC57-4CF9-ADAC-C8849A9E016B}.Debug|x64.ActiveCfg = Debug|x64
		{698C59D9-BC57-4CF9-ADAC-C8849A9E016B}.Debug|x64.Build.0 = Debug|x64
		{698C59D9-BC57-4CF9-ADAC-C8849A9E016B}.Debug|x86.ActiveCfg = Debug|Win32
		{698C59D9-BC57-4CF9-ADAC-C8849A9E016B}.Debug|x86.Build.0 = Debug|Win32
		{698C59D9-BC57-4CF9-ADAC-C8849A9E016B}.Release|Any CPU.ActiveCfg = Release|Win32
		{698C59D9-BC57-4CF9-ADAC-C8849A9E016B}.Release|x64.ActiveCfg = Release|x64
		{698C59D9-BC57-4CF9-ADAC-C8849A9E016B}.Release|x64.Build.0 = Release|x64
		{698C59D9-BC57-4CF9-ADAC-C8849A9E016B}.Release|x86.ActiveCfg = Release|Win32
		{698C59D9-BC57-4CF9-ADAC-C8849A9E016B}.Release|x86.Build.0 = Release|Win32
		{ECA865B3-1AB0-4122-8995-0DF64ABA1693}.Debug|Any CPU.ActiveCfg = Debug|Win32
		{ECA865B3-1AB0-4122-8995-0DF64ABA1693}.Debug|x64.ActiveCfg = Debug|x64
		{ECA865B3-1AB0-4122-8995-0DF64ABA1693}.Debug|x64.Build.0 = Debug|x64
		{ECA865B3-1AB0-4122-8995-0DF64ABA1693}.Debug|x86.ActiveCfg = Debug|Win32
		{ECA865B3-1AB0-4122-8995-0DF64ABA1693}.Debug|x86.Build.0 = Debug|Win32
		{ECA865B3-1AB0-4122-8995-0DF64ABA1693}.Release|Any CPU.ActiveCfg = Release|Win32
		{ECA865B3-1AB0-4122-8995-0DF64ABA1693}.Release|x64.ActiveCfg = Release|x64
		{ECA865B3-1AB0-4122-8995-0DF64ABA1693}.Release|x64.Build.0 = Release|x64
		{ECA865B3-1AB0-4122-8995-0DF64ABA1693}.Release|x86.ActiveCfg = Release|Win32
		{ECA865B3-1AB0-4122-8995-0DF64ABA1693}.Release|x86.Build.0 = Release|Win32
		{9CF33E79-C057-45EE-AF9A-3BFB8A6DCA94}.Debug|Any CPU.ActiveCfg = Debug|Win32
		{9CF33E79-C057-45EE-AF9A-3BFB8A6DCA94}.Debug|x64.ActiveCfg = Debug|x64
		{9CF33E79-C057-45EE-AF9A-3BFB8A6DCA94}.Debug|x64.Build.0 = Debug|x64
		{9CF33E79-C057-45EE-AF9A-3BFB8A6DCA94}.Debug|x86.ActiveCfg = Debug|Win32
		{9CF33E79-C057-45EE-AF9A-3BFB8A6DCA94}.Debug|x86.Build.0 = Debug|Win32
		{9CF33E79-C057-45EE-AF9A-3BFB8A6DCA94}.Release|Any CPU.ActiveCfg = Release|Win32
		{9CF33E79-C057-45EE-AF9A-3BFB8A6DCA94}.Release|x64.ActiveCfg = Release|x64
		{9CF33E79-C057-45EE-AF9A-3BFB8A6DCA94}.Release|x64.Build.0 = Release|x64
		{9CF33E79-C057-45EE-AF9A-3BFB8A6DCA94}.Release|x86.ActiveCfg = Release|Win32
		{9CF33E79-C057-45EE-AF9A-3BFB8A6DCA94}.Release|x86.Build.0 = Release|Win32
	EndGlobalSection
	GlobalSection(SolutionProperties) = preSolution
		HideSolutionNode = FALSE
	EndGlobalSection
EndGlobal
